
Microsoft Visual Studio Solution File, Format Version 12.00
# Visual Studio Version 17
VisualStudioVersion = 17.1.32328.378
MinimumVisualStudioVersion = 10.0.40219.1
Project("{FAE04EC0-301F-11D3-BF4B-00C04F79EFBC}") = "WebBook", "WebBook\WebBook.csproj", "{33BF7E86-7BE5-4481-9F0A-D38549C8D658}"
EndProject
Project("{FAE04EC0-301F-11D3-BF4B-00C04F79EFBC}") = "Domin", "Domin\Domin.csproj", "{7378BE5E-0B77-4BC1-A21E-AAC50949D112}"
EndProject
Project("{FAE04EC0-301F-11D3-BF4B-00C04F79EFBC}") = "Infrastructure", "Infrastructure\Infrastructure.csproj", "{131B7314-2D56-4A04-B1B8-2217028A5A87}"
EndProject
Global
	GlobalSection(SolutionConfigurationPlatforms) = preSolution
		Debug|Any CPU = Debug|Any CPU
		Release|Any CPU = Release|Any CPU
	EndGlobalSection
	GlobalSection(ProjectConfigurationPlatforms) = postSolution
		{33BF7E86-7BE5-4481-9F0A-D38549C8D658}.Debug|Any CPU.ActiveCfg = Debug|Any CPU
		{33BF7E86-7BE5-4481-9F0A-D38549C8D658}.Debug|Any CPU.Build.0 = Debug|Any CPU
		{33BF7E86-7BE5-4481-9F0A-D38549C8D658}.Release|Any CPU.ActiveCfg = Release|Any CPU
		{33BF7E86-7BE5-4481-9F0A-D38549C8D658}.Release|Any CPU.Build.0 = Release|Any CPU
		{7378BE5E-0B77-4BC1-A21E-AAC50949D112}.Debug|Any CPU.ActiveCfg = Debug|Any CPU
		{7378BE5E-0B77-4BC1-A21E-AAC50949D112}.Debug|Any CPU.Build.0 = Debug|Any CPU
		{7378BE5E-0B77-4BC1-A21E-AAC50949D112}.Release|Any CPU.ActiveCfg = Release|Any CPU
		{7378BE5E-0B77-4BC1-A21E-AAC50949D112}.Release|Any CPU.Build.0 = Release|Any CPU
		{131B7314-2D56-4A04-B1B8-2217028A5A87}.Debug|Any CPU.ActiveCfg = Debug|Any CPU
		{131B7314-2D56-4A04-B1B8-2217028A5A87}.Debug|Any CPU.Build.0 = Debug|Any CPU
		{131B7314-2D56-4A04-B1B8-2217028A5A87}.Release|Any CPU.ActiveCfg = Release|Any CPU
		{131B7314-2D56-4A04-B1B8-2217028A5A87}.Release|Any CPU.Build.0 = Release|Any CPU
	EndGlobalSection
	GlobalSection(SolutionProperties) = preSolution
		HideSolutionNode = FALSE
	EndGlobalSection
	GlobalSection(ExtensibilityGlobals) = postSolution
		SolutionGuid = {617BC6AD-2FC4-4BD2-AD78-4DDCAEBB74EC}
	EndGlobalSection
EndGlobal
